
Microsoft Visual Studio Solution File, Format Version 12.00
# Visual Studio Version 16
VisualStudioVersion = 16.0.28721.148
MinimumVisualStudioVersion = 10.0.40219.1
Project("{FAE04EC0-301F-11D3-BF4B-00C04F79EFBC}") = "Confuser_Constants_x86_Universsal_Fixer", "Confuser_Constants_x86_Universsal_Fixer\Confuser_Constants_x86_Universsal_Fixer.csproj", "{105CC5AF-B076-48A6-9BD0-7AD8708CAE67}"
EndProject
Project("{FAE04EC0-301F-11D3-BF4B-00C04F79EFBC}") = "dnlib", "..\dnlib\src\dnlib.csproj", "{FDFC1237-143F-4919-8318-4926901F4639}"
EndProject
Project("{FAE04EC0-301F-11D3-BF4B-00C04F79EFBC}") = "Examples", "..\dnlib\Examples\Examples.csproj", "{F27E72B5-C4BD-40BF-AD19-4C8A99B55872}"
EndProject
Project("{9A19103F-16F7-4668-BE54-9A1E7A4F7556}") = "SharpDisasm", "..\SharpDisasm\SharpDisasm\SharpDisasm.csproj", "{815D8857-19AE-43C2-8428-F17CA5BFB65F}"
EndProject
Project("{9A19103F-16F7-4668-BE54-9A1E7A4F7556}") = "disasmcli", "..\SharpDisasm\Examples\disasmcli\disasmcli.csproj", "{C58BAE3B-C316-48C5-AFB8-46AAD3C54994}"
EndProject
Project("{9A19103F-16F7-4668-BE54-9A1E7A4F7556}") = "SharpDisasm.Tests", "..\SharpDisasm\SharpDisasm.Tests\SharpDisasm.Tests.csproj", "{327E1378-C068-4F15-963E-D3243855A316}"
EndProject
Project("{FAE04EC0-301F-11D3-BF4B-00C04F79EFBC}") = "de4dot.blocks", "..\de4dot.blocks\de4dot.blocks.csproj", "{045B96F2-AF80-4C4C-8D27-E38635AC705E}"
EndProject
Global
	GlobalSection(SolutionConfigurationPlatforms) = preSolution
		Debug_ThreadSafe|Any CPU = Debug_ThreadSafe|Any CPU
		Debug_ThreadSafe|Mixed Platforms = Debug_ThreadSafe|Mixed Platforms
		Debug_ThreadSafe|x86 = Debug_ThreadSafe|x86
		Debug|Any CPU = Debug|Any CPU
		Debug|Mixed Platforms = Debug|Mixed Platforms
		Debug|x86 = Debug|x86
		Release_ThreadSafe|Any CPU = Release_ThreadSafe|Any CPU
		Release_ThreadSafe|Mixed Platforms = Release_ThreadSafe|Mixed Platforms
		Release_ThreadSafe|x86 = Release_ThreadSafe|x86
		Release|Any CPU = Release|Any CPU
		Release|Mixed Platforms = Release|Mixed Platforms
		Release|x86 = Release|x86
	EndGlobalSection
	GlobalSection(ProjectConfigurationPlatforms) = postSolution
		{105CC5AF-B076-48A6-9BD0-7AD8708CAE67}.Debug_ThreadSafe|Any CPU.ActiveCfg = Debug|Any CPU
		{105CC5AF-B076-48A6-9BD0-7AD8708CAE67}.Debug_ThreadSafe|Any CPU.Build.0 = Debug|Any CPU
		{105CC5AF-B076-48A6-9BD0-7AD8708CAE67}.Debug_ThreadSafe|Mixed Platforms.ActiveCfg = Debug|Any CPU
		{105CC5AF-B076-48A6-9BD0-7AD8708CAE67}.Debug_ThreadSafe|Mixed Platforms.Build.0 = Debug|Any CPU
		{105CC5AF-B076-48A6-9BD0-7AD8708CAE67}.Debug_ThreadSafe|x86.ActiveCfg = Debug|Any CPU
		{105CC5AF-B076-48A6-9BD0-7AD8708CAE67}.Debug_ThreadSafe|x86.Build.0 = Debug|Any CPU
		{105CC5AF-B076-48A6-9BD0-7AD8708CAE67}.Debug|Any CPU.ActiveCfg = Debug|Any CPU
		{105CC5AF-B076-48A6-9BD0-7AD8708CAE67}.Debug|Any CPU.Build.0 = Debug|Any CPU
		{105CC5AF-B076-48A6-9BD0-7AD8708CAE67}.Debug|Mixed Platforms.ActiveCfg = Debug|Any CPU
		{105CC5AF-B076-48A6-9BD0-7AD8708CAE67}.Debug|Mixed Platforms.Build.0 = Debug|Any CPU
		{105CC5AF-B076-48A6-9BD0-7AD8708CAE67}.Debug|x86.ActiveCfg = Debug|Any CPU
		{105CC5AF-B076-48A6-9BD0-7AD8708CAE67}.Debug|x86.Build.0 = Debug|Any CPU
		{105CC5AF-B076-48A6-9BD0-7AD8708CAE67}.Release_ThreadSafe|Any CPU.ActiveCfg = Release|Any CPU
		{105CC5AF-B076-48A6-9BD0-7AD8708CAE67}.Release_ThreadSafe|Any CPU.Build.0 = Release|Any CPU
		{105CC5AF-B076-48A6-9BD0-7AD8708CAE67}.Release_ThreadSafe|Mixed Platforms.ActiveCfg = Release|Any CPU
		{105CC5AF-B076-48A6-9BD0-7AD8708CAE67}.Release_ThreadSafe|Mixed Platforms.Build.0 = Release|Any CPU
		{105CC5AF-B076-48A6-9BD0-7AD8708CAE67}.Release_ThreadSafe|x86.ActiveCfg = Release|Any CPU
		{105CC5AF-B076-48A6-9BD0-7AD8708CAE67}.Release_ThreadSafe|x86.Build.0 = Release|Any CPU
		{105CC5AF-B076-48A6-9BD0-7AD8708CAE67}.Release|Any CPU.ActiveCfg = Release|Any CPU
		{105CC5AF-B076-48A6-9BD0-7AD8708CAE67}.Release|Any CPU.Build.0 = Release|Any CPU
		{105CC5AF-B076-48A6-9BD0-7AD8708CAE67}.Release|Mixed Platforms.ActiveCfg = Release|Any CPU
		{105CC5AF-B076-48A6-9BD0-7AD8708CAE67}.Release|Mixed Platforms.Build.0 = Release|Any CPU
		{105CC5AF-B076-48A6-9BD0-7AD8708CAE67}.Release|x86.ActiveCfg = Release|Any CPU
		{105CC5AF-B076-48A6-9BD0-7AD8708CAE67}.Release|x86.Build.0 = Release|Any CPU
		{FDFC1237-143F-4919-8318-4926901F4639}.Debug_ThreadSafe|Any CPU.ActiveCfg = Debug_ThreadSafe|Any CPU
		{FDFC1237-143F-4919-8318-4926901F4639}.Debug_ThreadSafe|Any CPU.Build.0 = Debug_ThreadSafe|Any CPU
		{FDFC1237-143F-4919-8318-4926901F4639}.Debug_ThreadSafe|Mixed Platforms.ActiveCfg = Debug_ThreadSafe|Any CPU
		{FDFC1237-143F-4919-8318-4926901F4639}.Debug_ThreadSafe|Mixed Platforms.Build.0 = Debug_ThreadSafe|Any CPU
		{FDFC1237-143F-4919-8318-4926901F4639}.Debug_ThreadSafe|x86.ActiveCfg = Debug_ThreadSafe|Any CPU
		{FDFC1237-143F-4919-8318-4926901F4639}.Debug_ThreadSafe|x86.Build.0 = Debug_ThreadSafe|Any CPU
		{FDFC1237-143F-4919-8318-4926901F4639}.Debug|Any CPU.ActiveCfg = Debug|Any CPU
		{FDFC1237-143F-4919-8318-4926901F4639}.Debug|Any CPU.Build.0 = Debug|Any CPU
		{FDFC1237-143F-4919-8318-4926901F4639}.Debug|Mixed Platforms.ActiveCfg = Debug|Any CPU
		{FDFC1237-143F-4919-8318-4926901F4639}.Debug|Mixed Platforms.Build.0 = Debug|Any CPU
		{FDFC1237-143F-4919-8318-4926901F4639}.Debug|x86.ActiveCfg = Debug|Any CPU
		{FDFC1237-143F-4919-8318-4926901F4639}.Release_ThreadSafe|Any CPU.ActiveCfg = Release_ThreadSafe|Any CPU
		{FDFC1237-143F-4919-8318-4926901F4639}.Release_ThreadSafe|Any CPU.Build.0 = Release_ThreadSafe|Any CPU
		{FDFC1237-143F-4919-8318-4926901F4639}.Release_ThreadSafe|Mixed Platforms.ActiveCfg = Release_ThreadSafe|Any CPU
		{FDFC1237-143F-4919-8318-4926901F4639}.Release_ThreadSafe|Mixed Platforms.Build.0 = Release_ThreadSafe|Any CPU
		{FDFC1237-143F-4919-8318-4926901F4639}.Release_ThreadSafe|x86.ActiveCfg = Release_ThreadSafe|Any CPU
		{FDFC1237-143F-4919-8318-4926901F4639}.Release_ThreadSafe|x86.Build.0 = Release_ThreadSafe|Any CPU
		{FDFC1237-143F-4919-8318-4926901F4639}.Release|Any CPU.ActiveCfg = Release|Any CPU
		{FDFC1237-143F-4919-8318-4926901F4639}.Release|Any CPU.Build.0 = Release|Any CPU
		{FDFC1237-143F-4919-8318-4926901F4639}.Release|Mixed Platforms.ActiveCfg = Release|Any CPU
		{FDFC1237-143F-4919-8318-4926901F4639}.Release|Mixed Platforms.Build.0 = Release|Any CPU
		{FDFC1237-143F-4919-8318-4926901F4639}.Release|x86.ActiveCfg = Release|Any CPU
		{F27E72B5-C4BD-40BF-AD19-4C8A99B55872}.Debug_ThreadSafe|Any CPU.ActiveCfg = Release|x86
		{F27E72B5-C4BD-40BF-AD19-4C8A99B55872}.Debug_ThreadSafe|Any CPU.Build.0 = Release|x86
		{F27E72B5-C4BD-40BF-AD19-4C8A99B55872}.Debug_ThreadSafe|Mixed Platforms.ActiveCfg = Debug|x86
		{F27E72B5-C4BD-40BF-AD19-4C8A99B55872}.Debug_ThreadSafe|Mixed Platforms.Build.0 = Debug|x86
		{F27E72B5-C4BD-40BF-AD19-4C8A99B55872}.Debug_ThreadSafe|x86.ActiveCfg = Debug|x86
		{F27E72B5-C4BD-40BF-AD19-4C8A99B55872}.Debug_ThreadSafe|x86.Build.0 = Debug|x86
		{F27E72B5-C4BD-40BF-AD19-4C8A99B55872}.Debug|Any CPU.ActiveCfg = Debug|x86
		{F27E72B5-C4BD-40BF-AD19-4C8A99B55872}.Debug|Mixed Platforms.ActiveCfg = Debug|x86
		{F27E72B5-C4BD-40BF-AD19-4C8A99B55872}.Debug|Mixed Platforms.Build.0 = Debug|x86
		{F27E72B5-C4BD-40BF-AD19-4C8A99B55872}.Debug|x86.ActiveCfg = Debug|x86
		{F27E72B5-C4BD-40BF-AD19-4C8A99B55872}.Debug|x86.Build.0 = Debug|x86
		{F27E72B5-C4BD-40BF-AD19-4C8A99B55872}.Release_ThreadSafe|Any CPU.ActiveCfg = Release|x86
		{F27E72B5-C4BD-40BF-AD19-4C8A99B55872}.Release_ThreadSafe|Any CPU.Build.0 = Release|x86
		{F27E72B5-C4BD-40BF-AD19-4C8A99B55872}.Release_ThreadSafe|Mixed Platforms.ActiveCfg = Release|x86
		{F27E72B5-C4BD-40BF-AD19-4C8A99B55872}.Release_ThreadSafe|Mixed Platforms.Build.0 = Release|x86
		{F27E72B5-C4BD-40BF-AD19-4C8A99B55872}.Release_ThreadSafe|x86.ActiveCfg = Release|x86
		{F27E72B5-C4BD-40BF-AD19-4C8A99B55872}.Release_ThreadSafe|x86.Build.0 = Release|x86
		{F27E72B5-C4BD-40BF-AD19-4C8A99B55872}.Release|Any CPU.ActiveCfg = Release|x86
		{F27E72B5-C4BD-40BF-AD19-4C8A99B55872}.Release|Mixed Platforms.ActiveCfg = Release|x86
		{F27E72B5-C4BD-40BF-AD19-4C8A99B55872}.Release|Mixed Platforms.Build.0 = Release|x86
		{F27E72B5-C4BD-40BF-AD19-4C8A99B55872}.Release|x86.ActiveCfg = Release|x86
		{F27E72B5-C4BD-40BF-AD19-4C8A99B55872}.Release|x86.Build.0 = Release|x86
		{815D8857-19AE-43C2-8428-F17CA5BFB65F}.Debug_ThreadSafe|Any CPU.ActiveCfg = Debug|Any CPU
		{815D8857-19AE-43C2-8428-F17CA5BFB65F}.Debug_ThreadSafe|Any CPU.Build.0 = Debug|Any CPU
		{815D8857-19AE-43C2-8428-F17CA5BFB65F}.Debug_ThreadSafe|Mixed Platforms.ActiveCfg = Debug|Any CPU
		{815D8857-19AE-43C2-8428-F17CA5BFB65F}.Debug_ThreadSafe|Mixed Platforms.Build.0 = Debug|Any CPU
		{815D8857-19AE-43C2-8428-F17CA5BFB65F}.Debug_ThreadSafe|x86.ActiveCfg = Debug|Any CPU
		{815D8857-19AE-43C2-8428-F17CA5BFB65F}.Debug_ThreadSafe|x86.Build.0 = Debug|Any CPU
		{815D8857-19AE-43C2-8428-F17CA5BFB65F}.Debug|Any CPU.ActiveCfg = Debug|Any CPU
		{815D8857-19AE-43C2-8428-F17CA5BFB65F}.Debug|Any CPU.Build.0 = Debug|Any CPU
		{815D8857-19AE-43C2-8428-F17CA5BFB65F}.Debug|Mixed Platforms.ActiveCfg = Debug|Any CPU
		{815D8857-19AE-43C2-8428-F17CA5BFB65F}.Debug|Mixed Platforms.Build.0 = Debug|Any CPU
		{815D8857-19AE-43C2-8428-F17CA5BFB65F}.Debug|x86.ActiveCfg = Debug|Any CPU
		{815D8857-19AE-43C2-8428-F17CA5BFB65F}.Debug|x86.Build.0 = Debug|Any CPU
		{815D8857-19AE-43C2-8428-F17CA5BFB65F}.Release_ThreadSafe|Any CPU.ActiveCfg = Release|Any CPU
		{815D8857-19AE-43C2-8428-F17CA5BFB65F}.Release_ThreadSafe|Any CPU.Build.0 = Release|Any CPU
		{815D8857-19AE-43C2-8428-F17CA5BFB65F}.Release_ThreadSafe|Mixed Platforms.ActiveCfg = Release|Any CPU
		{815D8857-19AE-43C2-8428-F17CA5BFB65F}.Release_ThreadSafe|Mixed Platforms.Build.0 = Release|Any CPU
		{815D8857-19AE-43C2-8428-F17CA5BFB65F}.Release_ThreadSafe|x86.ActiveCfg = Release|Any CPU
		{815D8857-19AE-43C2-8428-F17CA5BFB65F}.Release_ThreadSafe|x86.Build.0 = Release|Any CPU
		{815D8857-19AE-43C2-8428-F17CA5BFB65F}.Release|Any CPU.ActiveCfg = Release|Any CPU
		{815D8857-19AE-43C2-8428-F17CA5BFB65F}.Release|Any CPU.Build.0 = Release|Any CPU
		{815D8857-19AE-43C2-8428-F17CA5BFB65F}.Release|Mixed Platforms.ActiveCfg = Release|Any CPU
		{815D8857-19AE-43C2-8428-F17CA5BFB65F}.Release|Mixed Platforms.Build.0 = Release|Any CPU
		{815D8857-19AE-43C2-8428-F17CA5BFB65F}.Release|x86.ActiveCfg = Release|Any CPU
		{815D8857-19AE-43C2-8428-F17CA5BFB65F}.Release|x86.Build.0 = Release|Any CPU
		{C58BAE3B-C316-48C5-AFB8-46AAD3C54994}.Debug_ThreadSafe|Any CPU.ActiveCfg = Debug|Any CPU
		{C58BAE3B-C316-48C5-AFB8-46AAD3C54994}.Debug_ThreadSafe|Any CPU.Build.0 = Debug|Any CPU
		{C58BAE3B-C316-48C5-AFB8-46AAD3C54994}.Debug_ThreadSafe|Mixed Platforms.ActiveCfg = Debug|Any CPU
		{C58BAE3B-C316-48C5-AFB8-46AAD3C54994}.Debug_ThreadSafe|Mixed Platforms.Build.0 = Debug|Any CPU
		{C58BAE3B-C316-48C5-AFB8-46AAD3C54994}.Debug_ThreadSafe|x86.ActiveCfg = Debug|Any CPU
		{C58BAE3B-C316-48C5-AFB8-46AAD3C54994}.Debug_ThreadSafe|x86.Build.0 = Debug|Any CPU
		{C58BAE3B-C316-48C5-AFB8-46AAD3C54994}.Debug|Any CPU.ActiveCfg = Debug|Any CPU
		{C58BAE3B-C316-48C5-AFB8-46AAD3C54994}.Debug|Any CPU.Build.0 = Debug|Any CPU
		{C58BAE3B-C316-48C5-AFB8-46AAD3C54994}.Debug|Mixed Platforms.ActiveCfg = Debug|Any CPU
		{C58BAE3B-C316-48C5-AFB8-46AAD3C54994}.Debug|Mixed Platforms.Build.0 = Debug|Any CPU
		{C58BAE3B-C316-48C5-AFB8-46AAD3C54994}.Debug|x86.ActiveCfg = Debug|Any CPU
		{C58BAE3B-C316-48C5-AFB8-46AAD3C54994}.Debug|x86.Build.0 = Debug|Any CPU
		{C58BAE3B-C316-48C5-AFB8-46AAD3C54994}.Release_ThreadSafe|Any CPU.ActiveCfg = Release|Any CPU
		{C58BAE3B-C316-48C5-AFB8-46AAD3C54994}.Release_ThreadSafe|Any CPU.Build.0 = Release|Any CPU
		{C58BAE3B-C316-48C5-AFB8-46AAD3C54994}.Release_ThreadSafe|Mixed Platforms.ActiveCfg = Release|Any CPU
		{C58BAE3B-C316-48C5-AFB8-46AAD3C54994}.Release_ThreadSafe|Mixed Platforms.Build.0 = Release|Any CPU
		{C58BAE3B-C316-48C5-AFB8-46AAD3C54994}.Release_ThreadSafe|x86.ActiveCfg = Release|Any CPU
		{C58BAE3B-C316-48C5-AFB8-46AAD3C54994}.Release_ThreadSafe|x86.Build.0 = Release|Any CPU
		{C58BAE3B-C316-48C5-AFB8-46AAD3C54994}.Release|Any CPU.ActiveCfg = Release|Any CPU
		{C58BAE3B-C316-48C5-AFB8-46AAD3C54994}.Release|Any CPU.Build.0 = Release|Any CPU
		{C58BAE3B-C316-48C5-AFB8-46AAD3C54994}.Release|Mixed Platforms.ActiveCfg = Release|Any CPU
		{C58BAE3B-C316-48C5-AFB8-46AAD3C54994}.Release|Mixed Platforms.Build.0 = Release|Any CPU
		{C58BAE3B-C316-48C5-AFB8-46AAD3C54994}.Release|x86.ActiveCfg = Release|Any CPU
		{C58BAE3B-C316-48C5-AFB8-46AAD3C54994}.Release|x86.Build.0 = Release|Any CPU
		{327E1378-C068-4F15-963E-D3243855A316}.Debug_ThreadSafe|Any CPU.ActiveCfg = Debug|Any CPU
		{327E1378-C068-4F15-963E-D3243855A316}.Debug_ThreadSafe|Any CPU.Build.0 = Debug|Any CPU
		{327E1378-C068-4F15-963E-D3243855A316}.Debug_ThreadSafe|Mixed Platforms.ActiveCfg = Debug|Any CPU
		{327E1378-C068-4F15-963E-D3243855A316}.Debug_ThreadSafe|Mixed Platforms.Build.0 = Debug|Any CPU
		{327E1378-C068-4F15-963E-D3243855A316}.Debug_ThreadSafe|x86.ActiveCfg = Debug|Any CPU
		{327E1378-C068-4F15-963E-D3243855A316}.Debug_ThreadSafe|x86.Build.0 = Debug|Any CPU
		{327E1378-C068-4F15-963E-D3243855A316}.Debug|Any CPU.ActiveCfg = Debug|Any CPU
		{327E1378-C068-4F15-963E-D3243855A316}.Debug|Any CPU.Build.0 = Debug|Any CPU
		{327E1378-C068-4F15-963E-D3243855A316}.Debug|Mixed Platforms.ActiveCfg = Debug|Any CPU
		{327E1378-C068-4F15-963E-D3243855A316}.Debug|Mixed Platforms.Build.0 = Debug|Any CPU
		{327E1378-C068-4F15-963E-D3243855A316}.Debug|x86.ActiveCfg = Debug|Any CPU
		{327E1378-C068-4F15-963E-D3243855A316}.Debug|x86.Build.0 = Debug|Any CPU
		{327E1378-C068-4F15-963E-D3243855A316}.Release_ThreadSafe|Any CPU.ActiveCfg = Release|Any CPU
		{327E1378-C068-4F15-963E-D3243855A316}.Release_ThreadSafe|Any CPU.Build.0 = Release|Any CPU
		{327E1378-C068-4F15-963E-D3243855A316}.Release_ThreadSafe|Mixed Platforms.ActiveCfg = Release|Any CPU
		{327E1378-C068-4F15-963E-D3243855A316}.Release_ThreadSafe|Mixed Platforms.Build.0 = Release|Any CPU
		{327E1378-C068-4F15-963E-D3243855A316}.Release_ThreadSafe|x86.ActiveCfg = Release|Any CPU
		{327E1378-C068-4F15-963E-D3243855A316}.Release_ThreadSafe|x86.Build.0 = Release|Any CPU
		{327E1378-C068-4F15-963E-D3243855A316}.Release|Any CPU.ActiveCfg = Release|Any CPU
		{327E1378-C068-4F15-963E-D3243855A316}.Release|Any CPU.Build.0 = Release|Any CPU
		{327E1378-C068-4F15-963E-D3243855A316}.Release|Mixed Platforms.ActiveCfg = Release|Any CPU
		{327E1378-C068-4F15-963E-D3243855A316}.Release|Mixed Platforms.Build.0 = Release|Any CPU
		{327E1378-C068-4F15-963E-D3243855A316}.Release|x86.ActiveCfg = Release|Any CPU
		{327E1378-C068-4F15-963E-D3243855A316}.Release|x86.Build.0 = Release|Any CPU
		{045B96F2-AF80-4C4C-8D27-E38635AC705E}.Debug_ThreadSafe|Any CPU.ActiveCfg = Debug|Any CPU
		{045B96F2-AF80-4C4C-8D27-E38635AC705E}.Debug_ThreadSafe|Any CPU.Build.0 = Debug|Any CPU
		{045B96F2-AF80-4C4C-8D27-E38635AC705E}.Debug_ThreadSafe|Mixed Platforms.ActiveCfg = Debug|Any CPU
		{045B96F2-AF80-4C4C-8D27-E38635AC705E}.Debug_ThreadSafe|Mixed Platforms.Build.0 = Debug|Any CPU
		{045B96F2-AF80-4C4C-8D27-E38635AC705E}.Debug_ThreadSafe|x86.ActiveCfg = Debug|Any CPU
		{045B96F2-AF80-4C4C-8D27-E38635AC705E}.Debug_ThreadSafe|x86.Build.0 = Debug|Any CPU
		{045B96F2-AF80-4C4C-8D27-E38635AC705E}.Debug|Any CPU.ActiveCfg = Debug|Any CPU
		{045B96F2-AF80-4C4C-8D27-E38635AC705E}.Debug|Any CPU.Build.0 = Debug|Any CPU
		{045B96F2-AF80-4C4C-8D27-E38635AC705E}.Debug|Mixed Platforms.ActiveCfg = Debug|Any CPU
		{045B96F2-AF80-4C4C-8D27-E38635AC705E}.Debug|Mixed Platforms.Build.0 = Debug|Any CPU
		{045B96F2-AF80-4C4C-8D27-E38635AC705E}.Debug|x86.ActiveCfg = Debug|Any CPU
		{045B96F2-AF80-4C4C-8D27-E38635AC705E}.Debug|x86.Build.0 = Debug|Any CPU
		{045B96F2-AF80-4C4C-8D27-E38635AC705E}.Release_ThreadSafe|Any CPU.ActiveCfg = Release|Any CPU
		{045B96F2-AF80-4C4C-8D27-E38635AC705E}.Release_ThreadSafe|Any CPU.Build.0 = Release|Any CPU
		{045B96F2-AF80-4C4C-8D27-E38635AC705E}.Release_ThreadSafe|Mixed Platforms.ActiveCfg = Release|Any CPU
		{045B96F2-AF80-4C4C-8D27-E38635AC705E}.Release_ThreadSafe|Mixed Platforms.Build.0 = Release|Any CPU
		{045B96F2-AF80-4C4C-8D27-E38635AC705E}.Release_ThreadSafe|x86.ActiveCfg = Release|Any CPU
		{045B96F2-AF80-4C4C-8D27-E38635AC705E}.Release_ThreadSafe|x86.Build.0 = Release|Any CPU
		{045B96F2-AF80-4C4C-8D27-E38635AC705E}.Release|Any CPU.ActiveCfg = Release|Any CPU
		{045B96F2-AF80-4C4C-8D27-E38635AC705E}.Release|Any CPU.Build.0 = Release|Any CPU
		{045B96F2-AF80-4C4C-8D27-E38635AC705E}.Release|Mixed Platforms.ActiveCfg = Release|Any CPU
		{045B96F2-AF80-4C4C-8D27-E38635AC705E}.Release|Mixed Platforms.Build.0 = Release|Any CPU
		{045B96F2-AF80-4C4C-8D27-E38635AC705E}.Release|x86.ActiveCfg = Release|Any CPU
		{045B96F2-AF80-4C4C-8D27-E38635AC705E}.Release|x86.Build.0 = Release|Any CPU
	EndGlobalSection
	GlobalSection(SolutionProperties) = preSolution
		HideSolutionNode = FALSE
	EndGlobalSection
	GlobalSection(ExtensibilityGlobals) = postSolution
		SolutionGuid = {0BD6FF07-4035-49E1-82EC-4200AB18311E}
	EndGlobalSection
EndGlobal
